lockfileVersion: '9.0'

settings:
  autoInstallPeers: true
  excludeLinksFromLockfile: false

importers:

  .:
    dependencies:
      node-appwrite:
        specifier: ^15.0.1
        version: 15.0.1

packages:

  node-appwrite@15.0.1:
    resolution: {integrity: sha512-vewchNVfgxJ1wHmdN2BRSHwoO+trfqKZf5Uq5wXfCHpnVtAtoO2amh8o5mwIfquP6qbZ+DMV25ZXp8MZYxPO7A==}

  node-fetch-native-with-agent@1.7.2:
    resolution: {integrity: sha512-5MaOOCuJEvcckoz7/tjdx1M6OusOY6Xc5f459IaruGStWnKzlI1qpNgaAwmn4LmFYcsSlj+jBMk84wmmRxfk5g==}

snapshots:

  node-appwrite@15.0.1:
    dependencies:
      node-fetch-native-with-agent: 1.7.2

  node-fetch-native-with-agent@1.7.2: {}
